
Microsoft Visual Studio Solution File, Format Version 12.00
# Visual Studio Version 16
VisualStudioVersion = 16.0.31515.178
MinimumVisualStudioVersion = 10.0.40219.1
Project("{FAE04EC0-301F-11D3-BF4B-00C04F79EFBC}") = "what2", "what2\what2.csproj", "{40100270-B757-47F6-982E-F4BD4A438032}"
EndProject
Global
	GlobalSection(SolutionConfigurationPlatforms) = preSolution
		Debug|Any CPU = Debug|Any CPU
		Release|Any CPU = Release|Any CPU
	EndGlobalSection
	GlobalSection(ProjectConfigurationPlatforms) = postSolution
		{40100270-B757-47F6-982E-F4BD4A438032}.Debug|Any CPU.ActiveCfg = Debug|Any CPU
		{40100270-B757-47F6-982E-F4BD4A438032}.Debug|Any CPU.Build.0 = Debug|Any CPU
		{40100270-B757-47F6-982E-F4BD4A438032}.Release|Any CPU.ActiveCfg = Release|Any CPU
		{40100270-B757-47F6-982E-F4BD4A438032}.Release|Any CPU.Build.0 = Release|Any CPU
	EndGlobalSection
	GlobalSection(SolutionProperties) = preSolution
		HideSolutionNode = FALSE
	EndGlobalSection
	GlobalSection(ExtensibilityGlobals) = postSolution
		SolutionGuid = {DCAD7F93-DBDF-42C8-AFE8-FBE8FBAED2E6}
	EndGlobalSection
EndGlobal
